
Microsoft Visual Studio Solution File, Format Version 12.00
# Visual Studio Version 16
VisualStudioVersion = 16.0.30907.101
MinimumVisualStudioVersion = 10.0.40219.1
Project("{FAE04EC0-301F-11D3-BF4B-00C04F79EFBC}") = "Ecommerce", "Ecommerce\Ecommerce.csproj", "{A62596E0-D882-47B2-B2F8-CB0BC6619F33}"
EndProject
Project("{FAE04EC0-301F-11D3-BF4B-00C04F79EFBC}") = "Ecommerce-tests", "Ecommerce-tests\Ecommerce-tests.csproj", "{0A25F09A-3DC1-495D-8338-3D19BFE93FF3}"
EndProject
Global
	GlobalSection(SolutionConfigurationPlatforms) = preSolution
		Debug|Any CPU = Debug|Any CPU
		Release|Any CPU = Release|Any CPU
	EndGlobalSection
	GlobalSection(ProjectConfigurationPlatforms) = postSolution
		{A62596E0-D882-47B2-B2F8-CB0BC6619F33}.Debug|Any CPU.ActiveCfg = Debug|Any CPU
		{A62596E0-D882-47B2-B2F8-CB0BC6619F33}.Debug|Any CPU.Build.0 = Debug|Any CPU
		{A62596E0-D882-47B2-B2F8-CB0BC6619F33}.Release|Any CPU.ActiveCfg = Release|Any CPU
		{A62596E0-D882-47B2-B2F8-CB0BC6619F33}.Release|Any CPU.Build.0 = Release|Any CPU
		{0A25F09A-3DC1-495D-8338-3D19BFE93FF3}.Debug|Any CPU.ActiveCfg = Debug|Any CPU
		{0A25F09A-3DC1-495D-8338-3D19BFE93FF3}.Debug|Any CPU.Build.0 = Debug|Any CPU
		{0A25F09A-3DC1-495D-8338-3D19BFE93FF3}.Release|Any CPU.ActiveCfg = Release|Any CPU
		{0A25F09A-3DC1-495D-8338-3D19BFE93FF3}.Release|Any CPU.Build.0 = Release|Any CPU
	EndGlobalSection
	GlobalSection(SolutionProperties) = preSolution
		HideSolutionNode = FALSE
	EndGlobalSection
	GlobalSection(ExtensibilityGlobals) = postSolution
		SolutionGuid = {296BE363-CC53-473D-A1E5-1528AE6ACDB1}
	EndGlobalSection
EndGlobal
